
Microsoft Visual Studio Solution File, Format Version 12.00
# Visual Studio Version 17
VisualStudioVersion = 17.0.31903.59
MinimumVisualStudioVersion = 10.0.40219.1
Project("{2150E333-8FDC-42A3-9474-1A3956D46DE8}") = "src", "src", "{827E0CD3-B72D-47B6-A68D-7590B98EB39B}"
EndProject
Project("{FAE04EC0-301F-11D3-BF4B-00C04F79EFBC}") = "AzureFunctions.TestFramework.Core", "src\AzureFunctions.TestFramework.Core\AzureFunctions.TestFramework.Core.csproj", "{DE59FDAD-5E81-43BD-83FD-8D484FA3BD9B}"
EndProject
Project("{FAE04EC0-301F-11D3-BF4B-00C04F79EFBC}") = "AzureFunctions.TestFramework.Http", "src\AzureFunctions.TestFramework.Http\AzureFunctions.TestFramework.Http.csproj", "{6CACF4EA-1BD2-4CE1-9E9B-A82EE6A11B2A}"
EndProject
Project("{FAE04EC0-301F-11D3-BF4B-00C04F79EFBC}") = "AzureFunctions.TestFramework.Http.AspNetCore", "src\AzureFunctions.TestFramework.Http.AspNetCore\AzureFunctions.TestFramework.Http.AspNetCore.csproj", "{B1C2D3E4-F5A6-7890-BCDE-F01234567890}"
EndProject
Project("{FAE04EC0-301F-11D3-BF4B-00C04F79EFBC}") = "AzureFunctions.TestFramework.Timer", "src\AzureFunctions.TestFramework.Timer\AzureFunctions.TestFramework.Timer.csproj", "{C3D4E5F6-A7B8-9012-CDEF-012345678901}"
EndProject
Project("{FAE04EC0-301F-11D3-BF4B-00C04F79EFBC}") = "AzureFunctions.TestFramework.ServiceBus", "src\AzureFunctions.TestFramework.ServiceBus\AzureFunctions.TestFramework.ServiceBus.csproj", "{E5F6A7B8-C9D0-1234-EF01-234567890123}"
EndProject
Project("{FAE04EC0-301F-11D3-BF4B-00C04F79EFBC}") = "AzureFunctions.TestFramework.Queue", "src\AzureFunctions.TestFramework.Queue\AzureFunctions.TestFramework.Queue.csproj", "{D4E5F6A7-B8C9-0123-DEF0-123456789012}"
EndProject
Project("{FAE04EC0-301F-11D3-BF4B-00C04F79EFBC}") = "AzureFunctions.TestFramework.Blob", "src\AzureFunctions.TestFramework.Blob\AzureFunctions.TestFramework.Blob.csproj", "{F6A7B8C9-D0E1-2345-F012-345678901234}"
EndProject
Project("{FAE04EC0-301F-11D3-BF4B-00C04F79EFBC}") = "AzureFunctions.TestFramework.EventGrid", "src\AzureFunctions.TestFramework.EventGrid\AzureFunctions.TestFramework.EventGrid.csproj", "{A7B8C9D0-E1F2-3456-0123-456789012345}"
EndProject
Project("{2150E333-8FDC-42A3-9474-1A3956D46DE8}") = "samples", "samples", "{5D20AA90-6969-D8BD-9DCD-8634F4692FDA}"
EndProject
Project("{FAE04EC0-301F-11D3-BF4B-00C04F79EFBC}") = "Sample.FunctionApp.Worker", "samples\Sample.FunctionApp.Worker\Sample.FunctionApp.Worker.csproj", "{F1A2B3C4-D5E6-7890-ABCD-EF0123456789}"
EndProject
Project("{2150E333-8FDC-42A3-9474-1A3956D46DE8}") = "tests", "tests", "{0AB3BF05-4346-4AA6-1389-037BE0695223}"
EndProject
Project("{FAE04EC0-301F-11D3-BF4B-00C04F79EFBC}") = "Sample.FunctionApp.Worker.Tests", "tests\Sample.FunctionApp.Worker.Tests\Sample.FunctionApp.Worker.Tests.csproj", "{B2C3D4E5-F6A7-8901-BCDE-F012345678AB}"
EndProject
Project("{FAE04EC0-301F-11D3-BF4B-00C04F79EFBC}") = "Sample.FunctionApp.Worker.WAF.Tests", "tests\Sample.FunctionApp.Worker.WAF.Tests\Sample.FunctionApp.Worker.WAF.Tests.csproj", "{C3D4E5F6-A7B8-9012-CDEF-012345678ABC}"
EndProject
Project("{FAE04EC0-301F-11D3-BF4B-00C04F79EFBC}") = "AzureFunctions.TestFramework.Durable", "src\AzureFunctions.TestFramework.Durable\AzureFunctions.TestFramework.Durable.csproj", "{4934C894-A200-4103-85E9-C072B5B2433A}"
EndProject
Project("{FAE04EC0-301F-11D3-BF4B-00C04F79EFBC}") = "Sample.FunctionApp.Durable", "samples\Sample.FunctionApp.Durable\Sample.FunctionApp.Durable.csproj", "{F4ECF1F4-BC5E-4734-B1EA-925D3244B1C8}"
EndProject
Project("{FAE04EC0-301F-11D3-BF4B-00C04F79EFBC}") = "Sample.FunctionApp.Durable.Tests", "tests\Sample.FunctionApp.Durable.Tests\Sample.FunctionApp.Durable.Tests.csproj", "{26013A6A-5A9B-49AD-A18B-9FCDA41CBB3E}"
EndProject
Project("{FAE04EC0-301F-11D3-BF4B-00C04F79EFBC}") = "Sample.FunctionApp.CustomRoutePrefix", "samples\Sample.FunctionApp.CustomRoutePrefix\Sample.FunctionApp.CustomRoutePrefix.csproj", "{A1B2C3D4-E5F6-7890-ABCD-EF1234567890}"
EndProject
Project("{FAE04EC0-301F-11D3-BF4B-00C04F79EFBC}") = "Sample.FunctionApp.CustomRoutePrefix.Tests", "tests\Sample.FunctionApp.CustomRoutePrefix.Tests\Sample.FunctionApp.CustomRoutePrefix.Tests.csproj", "{D5E6F7A8-B9C0-1234-EFAB-C012345678DE}"
EndProject
Project("{FAE04EC0-301F-11D3-BF4B-00C04F79EFBC}") = "Sample.FunctionApp.Worker.NUnit.Tests", "tests\Sample.FunctionApp.Worker.NUnit.Tests\Sample.FunctionApp.Worker.NUnit.Tests.csproj", "{E6F7A8B9-C0D1-2345-F012-3456789ABCDE}"
EndProject
Project("{FAE04EC0-301F-11D3-BF4B-00C04F79EFBC}") = "Sample.FunctionApp.Worker.WAF.NUnit.Tests", "tests\Sample.FunctionApp.Worker.WAF.NUnit.Tests\Sample.FunctionApp.Worker.WAF.NUnit.Tests.csproj", "{F7A8B9C0-D1E2-3456-0123-456789ABCDEF}"
EndProject
Project("{FAE04EC0-301F-11D3-BF4B-00C04F79EFBC}") = "Sample.FunctionApp.CustomRoutePrefix.AspNetCore", "samples\Sample.FunctionApp.CustomRoutePrefix.AspNetCore\Sample.FunctionApp.CustomRoutePrefix.AspNetCore.csproj", "{777E04C6-4117-4ECE-987C-77D7AE4BC8A3}"
EndProject
Project("{FAE04EC0-301F-11D3-BF4B-00C04F79EFBC}") = "Sample.FunctionApp.CustomRoutePrefix.WAF.Tests", "tests\Sample.FunctionApp.CustomRoutePrefix.WAF.Tests\Sample.FunctionApp.CustomRoutePrefix.WAF.Tests.csproj", "{3D07D0D2-4122-479D-9696-1C478D5EEFFC}"
EndProject
Project("{FAE04EC0-301F-11D3-BF4B-00C04F79EFBC}") = "Sample.FunctionApp.CustomRoutePrefix.AspNetCore.Tests", "tests\Sample.FunctionApp.CustomRoutePrefix.AspNetCore.Tests\Sample.FunctionApp.CustomRoutePrefix.AspNetCore.Tests.csproj", "{3678F83C-138C-47EC-B81A-8DCFACCFA328}"
EndProject
Project("{FAE04EC0-301F-11D3-BF4B-00C04F79EFBC}") = "Sample.FunctionApp.CustomRoutePrefix.AspNetCore.DifferentSdk", "samples\Sample.FunctionApp.CustomRoutePrefix.AspNetCore.DifferentSdk\Sample.FunctionApp.CustomRoutePrefix.AspNetCore.DifferentSdk.csproj", "{1C42C304-95C8-4213-8836-B7EBA95499B4}"
EndProject
Project("{2150E333-8FDC-42A3-9474-1A3956D46DE8}") = "Sample.FunctionApp.CustomRoutePrefix.AspNetCore.DifferentSdk.Tests", "Sample.FunctionApp.CustomRoutePrefix.AspNetCore.DifferentSdk.Tests", "{4C8D2BBC-E656-5E52-EEE5-79E84987CC7A}"
EndProject
Project("{FAE04EC0-301F-11D3-BF4B-00C04F79EFBC}") = "Sample.FunctionApp.CustomRoutePrefix.AspNetCore.Tests", "tests\Sample.FunctionApp.CustomRoutePrefix.AspNetCore.DifferentSdk.Tests\Sample.FunctionApp.CustomRoutePrefix.AspNetCore.Tests.csproj", "{6BFC1A68-4FF6-4F55-892E-556158056904}"
EndProject
Global
	GlobalSection(SolutionConfigurationPlatforms) = preSolution
		Debug|Any CPU = Debug|Any CPU
		Debug|x64 = Debug|x64
		Debug|x86 = Debug|x86
		Release|Any CPU = Release|Any CPU
		Release|x64 = Release|x64
		Release|x86 = Release|x86
	EndGlobalSection
	GlobalSection(ProjectConfigurationPlatforms) = postSolution
		{DE59FDAD-5E81-43BD-83FD-8D484FA3BD9B}.Debug|Any CPU.ActiveCfg = Debug|Any CPU
		{DE59FDAD-5E81-43BD-83FD-8D484FA3BD9B}.Debug|Any CPU.Build.0 = Debug|Any CPU
		{DE59FDAD-5E81-43BD-83FD-8D484FA3BD9B}.Debug|x64.ActiveCfg = Debug|Any CPU
		{DE59FDAD-5E81-43BD-83FD-8D484FA3BD9B}.Debug|x64.Build.0 = Debug|Any CPU
		{DE59FDAD-5E81-43BD-83FD-8D484FA3BD9B}.Debug|x86.ActiveCfg = Debug|Any CPU
		{DE59FDAD-5E81-43BD-83FD-8D484FA3BD9B}.Debug|x86.Build.0 = Debug|Any CPU
		{DE59FDAD-5E81-43BD-83FD-8D484FA3BD9B}.Release|Any CPU.ActiveCfg = Release|Any CPU
		{DE59FDAD-5E81-43BD-83FD-8D484FA3BD9B}.Release|Any CPU.Build.0 = Release|Any CPU
		{DE59FDAD-5E81-43BD-83FD-8D484FA3BD9B}.Release|x64.ActiveCfg = Release|Any CPU
		{DE59FDAD-5E81-43BD-83FD-8D484FA3BD9B}.Release|x64.Build.0 = Release|Any CPU
		{DE59FDAD-5E81-43BD-83FD-8D484FA3BD9B}.Release|x86.ActiveCfg = Release|Any CPU
		{DE59FDAD-5E81-43BD-83FD-8D484FA3BD9B}.Release|x86.Build.0 = Release|Any CPU
		{6CACF4EA-1BD2-4CE1-9E9B-A82EE6A11B2A}.Debug|Any CPU.ActiveCfg = Debug|Any CPU
		{6CACF4EA-1BD2-4CE1-9E9B-A82EE6A11B2A}.Debug|Any CPU.Build.0 = Debug|Any CPU
		{6CACF4EA-1BD2-4CE1-9E9B-A82EE6A11B2A}.Debug|x64.ActiveCfg = Debug|Any CPU
		{6CACF4EA-1BD2-4CE1-9E9B-A82EE6A11B2A}.Debug|x64.Build.0 = Debug|Any CPU
		{6CACF4EA-1BD2-4CE1-9E9B-A82EE6A11B2A}.Debug|x86.ActiveCfg = Debug|Any CPU
		{6CACF4EA-1BD2-4CE1-9E9B-A82EE6A11B2A}.Debug|x86.Build.0 = Debug|Any CPU
		{6CACF4EA-1BD2-4CE1-9E9B-A82EE6A11B2A}.Release|Any CPU.ActiveCfg = Release|Any CPU
		{6CACF4EA-1BD2-4CE1-9E9B-A82EE6A11B2A}.Release|Any CPU.Build.0 = Release|Any CPU
		{6CACF4EA-1BD2-4CE1-9E9B-A82EE6A11B2A}.Release|x64.ActiveCfg = Release|Any CPU
		{6CACF4EA-1BD2-4CE1-9E9B-A82EE6A11B2A}.Release|x64.Build.0 = Release|Any CPU
		{6CACF4EA-1BD2-4CE1-9E9B-A82EE6A11B2A}.Release|x86.ActiveCfg = Release|Any CPU
		{6CACF4EA-1BD2-4CE1-9E9B-A82EE6A11B2A}.Release|x86.Build.0 = Release|Any CPU
		{B1C2D3E4-F5A6-7890-BCDE-F01234567890}.Debug|Any CPU.ActiveCfg = Debug|Any CPU
		{B1C2D3E4-F5A6-7890-BCDE-F01234567890}.Debug|Any CPU.Build.0 = Debug|Any CPU
		{B1C2D3E4-F5A6-7890-BCDE-F01234567890}.Debug|x64.ActiveCfg = Debug|Any CPU
		{B1C2D3E4-F5A6-7890-BCDE-F01234567890}.Debug|x64.Build.0 = Debug|Any CPU
		{B1C2D3E4-F5A6-7890-BCDE-F01234567890}.Debug|x86.ActiveCfg = Debug|Any CPU
		{B1C2D3E4-F5A6-7890-BCDE-F01234567890}.Debug|x86.Build.0 = Debug|Any CPU
		{B1C2D3E4-F5A6-7890-BCDE-F01234567890}.Release|Any CPU.ActiveCfg = Release|Any CPU
		{B1C2D3E4-F5A6-7890-BCDE-F01234567890}.Release|Any CPU.Build.0 = Release|Any CPU
		{B1C2D3E4-F5A6-7890-BCDE-F01234567890}.Release|x64.ActiveCfg = Release|Any CPU
		{B1C2D3E4-F5A6-7890-BCDE-F01234567890}.Release|x64.Build.0 = Release|Any CPU
		{B1C2D3E4-F5A6-7890-BCDE-F01234567890}.Release|x86.ActiveCfg = Release|Any CPU
		{B1C2D3E4-F5A6-7890-BCDE-F01234567890}.Release|x86.Build.0 = Release|Any CPU
		{C3D4E5F6-A7B8-9012-CDEF-012345678901}.Debug|Any CPU.ActiveCfg = Debug|Any CPU
		{C3D4E5F6-A7B8-9012-CDEF-012345678901}.Debug|Any CPU.Build.0 = Debug|Any CPU
		{C3D4E5F6-A7B8-9012-CDEF-012345678901}.Debug|x64.ActiveCfg = Debug|Any CPU
		{C3D4E5F6-A7B8-9012-CDEF-012345678901}.Debug|x64.Build.0 = Debug|Any CPU
		{C3D4E5F6-A7B8-9012-CDEF-012345678901}.Debug|x86.ActiveCfg = Debug|Any CPU
		{C3D4E5F6-A7B8-9012-CDEF-012345678901}.Debug|x86.Build.0 = Debug|Any CPU
		{C3D4E5F6-A7B8-9012-CDEF-012345678901}.Release|Any CPU.ActiveCfg = Release|Any CPU
		{C3D4E5F6-A7B8-9012-CDEF-012345678901}.Release|Any CPU.Build.0 = Release|Any CPU
		{C3D4E5F6-A7B8-9012-CDEF-012345678901}.Release|x64.ActiveCfg = Release|Any CPU
		{C3D4E5F6-A7B8-9012-CDEF-012345678901}.Release|x64.Build.0 = Release|Any CPU
		{C3D4E5F6-A7B8-9012-CDEF-012345678901}.Release|x86.ActiveCfg = Release|Any CPU
		{C3D4E5F6-A7B8-9012-CDEF-012345678901}.Release|x86.Build.0 = Release|Any CPU
		{E5F6A7B8-C9D0-1234-EF01-234567890123}.Debug|Any CPU.ActiveCfg = Debug|Any CPU
		{E5F6A7B8-C9D0-1234-EF01-234567890123}.Debug|Any CPU.Build.0 = Debug|Any CPU
		{E5F6A7B8-C9D0-1234-EF01-234567890123}.Debug|x64.ActiveCfg = Debug|Any CPU
		{E5F6A7B8-C9D0-1234-EF01-234567890123}.Debug|x64.Build.0 = Debug|Any CPU
		{E5F6A7B8-C9D0-1234-EF01-234567890123}.Debug|x86.ActiveCfg = Debug|Any CPU
		{E5F6A7B8-C9D0-1234-EF01-234567890123}.Debug|x86.Build.0 = Debug|Any CPU
		{E5F6A7B8-C9D0-1234-EF01-234567890123}.Release|Any CPU.ActiveCfg = Release|Any CPU
		{E5F6A7B8-C9D0-1234-EF01-234567890123}.Release|Any CPU.Build.0 = Release|Any CPU
		{E5F6A7B8-C9D0-1234-EF01-234567890123}.Release|x64.ActiveCfg = Release|Any CPU
		{E5F6A7B8-C9D0-1234-EF01-234567890123}.Release|x64.Build.0 = Release|Any CPU
		{E5F6A7B8-C9D0-1234-EF01-234567890123}.Release|x86.ActiveCfg = Release|Any CPU
		{E5F6A7B8-C9D0-1234-EF01-234567890123}.Release|x86.Build.0 = Release|Any CPU
		{D4E5F6A7-B8C9-0123-DEF0-123456789012}.Debug|Any CPU.ActiveCfg = Debug|Any CPU
		{D4E5F6A7-B8C9-0123-DEF0-123456789012}.Debug|Any CPU.Build.0 = Debug|Any CPU
		{D4E5F6A7-B8C9-0123-DEF0-123456789012}.Debug|x64.ActiveCfg = Debug|Any CPU
		{D4E5F6A7-B8C9-0123-DEF0-123456789012}.Debug|x64.Build.0 = Debug|Any CPU
		{D4E5F6A7-B8C9-0123-DEF0-123456789012}.Debug|x86.ActiveCfg = Debug|Any CPU
		{D4E5F6A7-B8C9-0123-DEF0-123456789012}.Debug|x86.Build.0 = Debug|Any CPU
		{D4E5F6A7-B8C9-0123-DEF0-123456789012}.Release|Any CPU.ActiveCfg = Release|Any CPU
		{D4E5F6A7-B8C9-0123-DEF0-123456789012}.Release|Any CPU.Build.0 = Release|Any CPU
		{D4E5F6A7-B8C9-0123-DEF0-123456789012}.Release|x64.ActiveCfg = Release|Any CPU
		{D4E5F6A7-B8C9-0123-DEF0-123456789012}.Release|x64.Build.0 = Release|Any CPU
		{D4E5F6A7-B8C9-0123-DEF0-123456789012}.Release|x86.ActiveCfg = Release|Any CPU
		{D4E5F6A7-B8C9-0123-DEF0-123456789012}.Release|x86.Build.0 = Release|Any CPU
		{F6A7B8C9-D0E1-2345-F012-345678901234}.Debug|Any CPU.ActiveCfg = Debug|Any CPU
		{F6A7B8C9-D0E1-2345-F012-345678901234}.Debug|Any CPU.Build.0 = Debug|Any CPU
		{F6A7B8C9-D0E1-2345-F012-345678901234}.Debug|x64.ActiveCfg = Debug|Any CPU
		{F6A7B8C9-D0E1-2345-F012-345678901234}.Debug|x64.Build.0 = Debug|Any CPU
		{F6A7B8C9-D0E1-2345-F012-345678901234}.Debug|x86.ActiveCfg = Debug|Any CPU
		{F6A7B8C9-D0E1-2345-F012-345678901234}.Debug|x86.Build.0 = Debug|Any CPU
		{F6A7B8C9-D0E1-2345-F012-345678901234}.Release|Any CPU.ActiveCfg = Release|Any CPU
		{F6A7B8C9-D0E1-2345-F012-345678901234}.Release|Any CPU.Build.0 = Release|Any CPU
		{F6A7B8C9-D0E1-2345-F012-345678901234}.Release|x64.ActiveCfg = Release|Any CPU
		{F6A7B8C9-D0E1-2345-F012-345678901234}.Release|x64.Build.0 = Release|Any CPU
		{F6A7B8C9-D0E1-2345-F012-345678901234}.Release|x86.ActiveCfg = Release|Any CPU
		{F6A7B8C9-D0E1-2345-F012-345678901234}.Release|x86.Build.0 = Release|Any CPU
		{A7B8C9D0-E1F2-3456-0123-456789012345}.Debug|Any CPU.ActiveCfg = Debug|Any CPU
		{A7B8C9D0-E1F2-3456-0123-456789012345}.Debug|Any CPU.Build.0 = Debug|Any CPU
		{A7B8C9D0-E1F2-3456-0123-456789012345}.Debug|x64.ActiveCfg = Debug|Any CPU
		{A7B8C9D0-E1F2-3456-0123-456789012345}.Debug|x64.Build.0 = Debug|Any CPU
		{A7B8C9D0-E1F2-3456-0123-456789012345}.Debug|x86.ActiveCfg = Debug|Any CPU
		{A7B8C9D0-E1F2-3456-0123-456789012345}.Debug|x86.Build.0 = Debug|Any CPU
		{A7B8C9D0-E1F2-3456-0123-456789012345}.Release|Any CPU.ActiveCfg = Release|Any CPU
		{A7B8C9D0-E1F2-3456-0123-456789012345}.Release|Any CPU.Build.0 = Release|Any CPU
		{A7B8C9D0-E1F2-3456-0123-456789012345}.Release|x64.ActiveCfg = Release|Any CPU
		{A7B8C9D0-E1F2-3456-0123-456789012345}.Release|x64.Build.0 = Release|Any CPU
		{A7B8C9D0-E1F2-3456-0123-456789012345}.Release|x86.ActiveCfg = Release|Any CPU
		{A7B8C9D0-E1F2-3456-0123-456789012345}.Release|x86.Build.0 = Release|Any CPU
		{F1A2B3C4-D5E6-7890-ABCD-EF0123456789}.Debug|Any CPU.ActiveCfg = Debug|Any CPU
		{F1A2B3C4-D5E6-7890-ABCD-EF0123456789}.Debug|Any CPU.Build.0 = Debug|Any CPU
		{F1A2B3C4-D5E6-7890-ABCD-EF0123456789}.Debug|x64.ActiveCfg = Debug|Any CPU
		{F1A2B3C4-D5E6-7890-ABCD-EF0123456789}.Debug|x64.Build.0 = Debug|Any CPU
		{F1A2B3C4-D5E6-7890-ABCD-EF0123456789}.Debug|x86.ActiveCfg = Debug|Any CPU
		{F1A2B3C4-D5E6-7890-ABCD-EF0123456789}.Debug|x86.Build.0 = Debug|Any CPU
		{F1A2B3C4-D5E6-7890-ABCD-EF0123456789}.Release|Any CPU.ActiveCfg = Release|Any CPU
		{F1A2B3C4-D5E6-7890-ABCD-EF0123456789}.Release|Any CPU.Build.0 = Release|Any CPU
		{F1A2B3C4-D5E6-7890-ABCD-EF0123456789}.Release|x64.ActiveCfg = Release|Any CPU
		{F1A2B3C4-D5E6-7890-ABCD-EF0123456789}.Release|x64.Build.0 = Release|Any CPU
		{F1A2B3C4-D5E6-7890-ABCD-EF0123456789}.Release|x86.ActiveCfg = Release|Any CPU
		{F1A2B3C4-D5E6-7890-ABCD-EF0123456789}.Release|x86.Build.0 = Release|Any CPU
		{B2C3D4E5-F6A7-8901-BCDE-F012345678AB}.Debug|Any CPU.ActiveCfg = Debug|Any CPU
		{B2C3D4E5-F6A7-8901-BCDE-F012345678AB}.Debug|Any CPU.Build.0 = Debug|Any CPU
		{B2C3D4E5-F6A7-8901-BCDE-F012345678AB}.Debug|x64.ActiveCfg = Debug|Any CPU
		{B2C3D4E5-F6A7-8901-BCDE-F012345678AB}.Debug|x64.Build.0 = Debug|Any CPU
		{B2C3D4E5-F6A7-8901-BCDE-F012345678AB}.Debug|x86.ActiveCfg = Debug|Any CPU
		{B2C3D4E5-F6A7-8901-BCDE-F012345678AB}.Debug|x86.Build.0 = Debug|Any CPU
		{B2C3D4E5-F6A7-8901-BCDE-F012345678AB}.Release|Any CPU.ActiveCfg = Release|Any CPU
		{B2C3D4E5-F6A7-8901-BCDE-F012345678AB}.Release|Any CPU.Build.0 = Release|Any CPU
		{B2C3D4E5-F6A7-8901-BCDE-F012345678AB}.Release|x64.ActiveCfg = Release|Any CPU
		{B2C3D4E5-F6A7-8901-BCDE-F012345678AB}.Release|x64.Build.0 = Release|Any CPU
		{B2C3D4E5-F6A7-8901-BCDE-F012345678AB}.Release|x86.ActiveCfg = Release|Any CPU
		{B2C3D4E5-F6A7-8901-BCDE-F012345678AB}.Release|x86.Build.0 = Release|Any CPU
		{C3D4E5F6-A7B8-9012-CDEF-012345678ABC}.Debug|Any CPU.ActiveCfg = Debug|Any CPU
		{C3D4E5F6-A7B8-9012-CDEF-012345678ABC}.Debug|Any CPU.Build.0 = Debug|Any CPU
		{C3D4E5F6-A7B8-9012-CDEF-012345678ABC}.Debug|x64.ActiveCfg = Debug|Any CPU
		{C3D4E5F6-A7B8-9012-CDEF-012345678ABC}.Debug|x64.Build.0 = Debug|Any CPU
		{C3D4E5F6-A7B8-9012-CDEF-012345678ABC}.Debug|x86.ActiveCfg = Debug|Any CPU
		{C3D4E5F6-A7B8-9012-CDEF-012345678ABC}.Debug|x86.Build.0 = Debug|Any CPU
		{C3D4E5F6-A7B8-9012-CDEF-012345678ABC}.Release|Any CPU.ActiveCfg = Release|Any CPU
		{C3D4E5F6-A7B8-9012-CDEF-012345678ABC}.Release|Any CPU.Build.0 = Release|Any CPU
		{C3D4E5F6-A7B8-9012-CDEF-012345678ABC}.Release|x64.ActiveCfg = Release|Any CPU
		{C3D4E5F6-A7B8-9012-CDEF-012345678ABC}.Release|x64.Build.0 = Release|Any CPU
		{C3D4E5F6-A7B8-9012-CDEF-012345678ABC}.Release|x86.ActiveCfg = Release|Any CPU
		{C3D4E5F6-A7B8-9012-CDEF-012345678ABC}.Release|x86.Build.0 = Release|Any CPU
		{4934C894-A200-4103-85E9-C072B5B2433A}.Debug|Any CPU.ActiveCfg = Debug|Any CPU
		{4934C894-A200-4103-85E9-C072B5B2433A}.Debug|Any CPU.Build.0 = Debug|Any CPU
		{4934C894-A200-4103-85E9-C072B5B2433A}.Debug|x64.ActiveCfg = Debug|Any CPU
		{4934C894-A200-4103-85E9-C072B5B2433A}.Debug|x64.Build.0 = Debug|Any CPU
		{4934C894-A200-4103-85E9-C072B5B2433A}.Debug|x86.ActiveCfg = Debug|Any CPU
		{4934C894-A200-4103-85E9-C072B5B2433A}.Debug|x86.Build.0 = Debug|Any CPU
		{4934C894-A200-4103-85E9-C072B5B2433A}.Release|Any CPU.ActiveCfg = Release|Any CPU
		{4934C894-A200-4103-85E9-C072B5B2433A}.Release|Any CPU.Build.0 = Release|Any CPU
		{4934C894-A200-4103-85E9-C072B5B2433A}.Release|x64.ActiveCfg = Release|Any CPU
		{4934C894-A200-4103-85E9-C072B5B2433A}.Release|x64.Build.0 = Release|Any CPU
		{4934C894-A200-4103-85E9-C072B5B2433A}.Release|x86.ActiveCfg = Release|Any CPU
		{4934C894-A200-4103-85E9-C072B5B2433A}.Release|x86.Build.0 = Release|Any CPU
		{F4ECF1F4-BC5E-4734-B1EA-925D3244B1C8}.Debug|Any CPU.ActiveCfg = Debug|Any CPU
		{F4ECF1F4-BC5E-4734-B1EA-925D3244B1C8}.Debug|Any CPU.Build.0 = Debug|Any CPU
		{F4ECF1F4-BC5E-4734-B1EA-925D3244B1C8}.Debug|x64.ActiveCfg = Debug|Any CPU
		{F4ECF1F4-BC5E-4734-B1EA-925D3244B1C8}.Debug|x64.Build.0 = Debug|Any CPU
		{F4ECF1F4-BC5E-4734-B1EA-925D3244B1C8}.Debug|x86.ActiveCfg = Debug|Any CPU
		{F4ECF1F4-BC5E-4734-B1EA-925D3244B1C8}.Debug|x86.Build.0 = Debug|Any CPU
		{F4ECF1F4-BC5E-4734-B1EA-925D3244B1C8}.Release|Any CPU.ActiveCfg = Release|Any CPU
		{F4ECF1F4-BC5E-4734-B1EA-925D3244B1C8}.Release|Any CPU.Build.0 = Release|Any CPU
		{F4ECF1F4-BC5E-4734-B1EA-925D3244B1C8}.Release|x64.ActiveCfg = Release|Any CPU
		{F4ECF1F4-BC5E-4734-B1EA-925D3244B1C8}.Release|x64.Build.0 = Release|Any CPU
		{F4ECF1F4-BC5E-4734-B1EA-925D3244B1C8}.Release|x86.ActiveCfg = Release|Any CPU
		{F4ECF1F4-BC5E-4734-B1EA-925D3244B1C8}.Release|x86.Build.0 = Release|Any CPU
		{26013A6A-5A9B-49AD-A18B-9FCDA41CBB3E}.Debug|Any CPU.ActiveCfg = Debug|Any CPU
		{26013A6A-5A9B-49AD-A18B-9FCDA41CBB3E}.Debug|Any CPU.Build.0 = Debug|Any CPU
		{26013A6A-5A9B-49AD-A18B-9FCDA41CBB3E}.Debug|x64.ActiveCfg = Debug|Any CPU
		{26013A6A-5A9B-49AD-A18B-9FCDA41CBB3E}.Debug|x64.Build.0 = Debug|Any CPU
		{26013A6A-5A9B-49AD-A18B-9FCDA41CBB3E}.Debug|x86.ActiveCfg = Debug|Any CPU
		{26013A6A-5A9B-49AD-A18B-9FCDA41CBB3E}.Debug|x86.Build.0 = Debug|Any CPU
		{26013A6A-5A9B-49AD-A18B-9FCDA41CBB3E}.Release|Any CPU.ActiveCfg = Release|Any CPU
		{26013A6A-5A9B-49AD-A18B-9FCDA41CBB3E}.Release|Any CPU.Build.0 = Release|Any CPU
		{26013A6A-5A9B-49AD-A18B-9FCDA41CBB3E}.Release|x64.ActiveCfg = Release|Any CPU
		{26013A6A-5A9B-49AD-A18B-9FCDA41CBB3E}.Release|x64.Build.0 = Release|Any CPU
		{26013A6A-5A9B-49AD-A18B-9FCDA41CBB3E}.Release|x86.ActiveCfg = Release|Any CPU
		{26013A6A-5A9B-49AD-A18B-9FCDA41CBB3E}.Release|x86.Build.0 = Release|Any CPU
		{A1B2C3D4-E5F6-7890-ABCD-EF1234567890}.Debug|Any CPU.ActiveCfg = Debug|Any CPU
		{A1B2C3D4-E5F6-7890-ABCD-EF1234567890}.Debug|Any CPU.Build.0 = Debug|Any CPU
		{A1B2C3D4-E5F6-7890-ABCD-EF1234567890}.Debug|x64.ActiveCfg = Debug|Any CPU
		{A1B2C3D4-E5F6-7890-ABCD-EF1234567890}.Debug|x64.Build.0 = Debug|Any CPU
		{A1B2C3D4-E5F6-7890-ABCD-EF1234567890}.Debug|x86.ActiveCfg = Debug|Any CPU
		{A1B2C3D4-E5F6-7890-ABCD-EF1234567890}.Debug|x86.Build.0 = Debug|Any CPU
		{A1B2C3D4-E5F6-7890-ABCD-EF1234567890}.Release|Any CPU.ActiveCfg = Release|Any CPU
		{A1B2C3D4-E5F6-7890-ABCD-EF1234567890}.Release|Any CPU.Build.0 = Release|Any CPU
		{A1B2C3D4-E5F6-7890-ABCD-EF1234567890}.Release|x64.ActiveCfg = Release|Any CPU
		{A1B2C3D4-E5F6-7890-ABCD-EF1234567890}.Release|x64.Build.0 = Release|Any CPU
		{A1B2C3D4-E5F6-7890-ABCD-EF1234567890}.Release|x86.ActiveCfg = Release|Any CPU
		{A1B2C3D4-E5F6-7890-ABCD-EF1234567890}.Release|x86.Build.0 = Release|Any CPU
		{D5E6F7A8-B9C0-1234-EFAB-C012345678DE}.Debug|Any CPU.ActiveCfg = Debug|Any CPU
		{D5E6F7A8-B9C0-1234-EFAB-C012345678DE}.Debug|Any CPU.Build.0 = Debug|Any CPU
		{D5E6F7A8-B9C0-1234-EFAB-C012345678DE}.Debug|x64.ActiveCfg = Debug|Any CPU
		{D5E6F7A8-B9C0-1234-EFAB-C012345678DE}.Debug|x64.Build.0 = Debug|Any CPU
		{D5E6F7A8-B9C0-1234-EFAB-C012345678DE}.Debug|x86.ActiveCfg = Debug|Any CPU
		{D5E6F7A8-B9C0-1234-EFAB-C012345678DE}.Debug|x86.Build.0 = Debug|Any CPU
		{D5E6F7A8-B9C0-1234-EFAB-C012345678DE}.Release|Any CPU.ActiveCfg = Release|Any CPU
		{D5E6F7A8-B9C0-1234-EFAB-C012345678DE}.Release|Any CPU.Build.0 = Release|Any CPU
		{D5E6F7A8-B9C0-1234-EFAB-C012345678DE}.Release|x64.ActiveCfg = Release|Any CPU
		{D5E6F7A8-B9C0-1234-EFAB-C012345678DE}.Release|x64.Build.0 = Release|Any CPU
		{D5E6F7A8-B9C0-1234-EFAB-C012345678DE}.Release|x86.ActiveCfg = Release|Any CPU
		{D5E6F7A8-B9C0-1234-EFAB-C012345678DE}.Release|x86.Build.0 = Release|Any CPU
		{E6F7A8B9-C0D1-2345-F012-3456789ABCDE}.Debug|Any CPU.ActiveCfg = Debug|Any CPU
		{E6F7A8B9-C0D1-2345-F012-3456789ABCDE}.Debug|Any CPU.Build.0 = Debug|Any CPU
		{E6F7A8B9-C0D1-2345-F012-3456789ABCDE}.Debug|x64.ActiveCfg = Debug|Any CPU
		{E6F7A8B9-C0D1-2345-F012-3456789ABCDE}.Debug|x64.Build.0 = Debug|Any CPU
		{E6F7A8B9-C0D1-2345-F012-3456789ABCDE}.Debug|x86.ActiveCfg = Debug|Any CPU
		{E6F7A8B9-C0D1-2345-F012-3456789ABCDE}.Debug|x86.Build.0 = Debug|Any CPU
		{E6F7A8B9-C0D1-2345-F012-3456789ABCDE}.Release|Any CPU.ActiveCfg = Release|Any CPU
		{E6F7A8B9-C0D1-2345-F012-3456789ABCDE}.Release|Any CPU.Build.0 = Release|Any CPU
		{E6F7A8B9-C0D1-2345-F012-3456789ABCDE}.Release|x64.ActiveCfg = Release|Any CPU
		{E6F7A8B9-C0D1-2345-F012-3456789ABCDE}.Release|x64.Build.0 = Release|Any CPU
		{E6F7A8B9-C0D1-2345-F012-3456789ABCDE}.Release|x86.ActiveCfg = Release|Any CPU
		{E6F7A8B9-C0D1-2345-F012-3456789ABCDE}.Release|x86.Build.0 = Release|Any CPU
		{F7A8B9C0-D1E2-3456-0123-456789ABCDEF}.Debug|Any CPU.ActiveCfg = Debug|Any CPU
		{F7A8B9C0-D1E2-3456-0123-456789ABCDEF}.Debug|Any CPU.Build.0 = Debug|Any CPU
		{F7A8B9C0-D1E2-3456-0123-456789ABCDEF}.Debug|x64.ActiveCfg = Debug|Any CPU
		{F7A8B9C0-D1E2-3456-0123-456789ABCDEF}.Debug|x64.Build.0 = Debug|Any CPU
		{F7A8B9C0-D1E2-3456-0123-456789ABCDEF}.Debug|x86.ActiveCfg = Debug|Any CPU
		{F7A8B9C0-D1E2-3456-0123-456789ABCDEF}.Debug|x86.Build.0 = Debug|Any CPU
		{F7A8B9C0-D1E2-3456-0123-456789ABCDEF}.Release|Any CPU.ActiveCfg = Release|Any CPU
		{F7A8B9C0-D1E2-3456-0123-456789ABCDEF}.Release|Any CPU.Build.0 = Release|Any CPU
		{F7A8B9C0-D1E2-3456-0123-456789ABCDEF}.Release|x64.ActiveCfg = Release|Any CPU
		{F7A8B9C0-D1E2-3456-0123-456789ABCDEF}.Release|x64.Build.0 = Release|Any CPU
		{F7A8B9C0-D1E2-3456-0123-456789ABCDEF}.Release|x86.ActiveCfg = Release|Any CPU
		{F7A8B9C0-D1E2-3456-0123-456789ABCDEF}.Release|x86.Build.0 = Release|Any CPU
		{777E04C6-4117-4ECE-987C-77D7AE4BC8A3}.Debug|Any CPU.ActiveCfg = Debug|Any CPU
		{777E04C6-4117-4ECE-987C-77D7AE4BC8A3}.Debug|Any CPU.Build.0 = Debug|Any CPU
		{777E04C6-4117-4ECE-987C-77D7AE4BC8A3}.Debug|x64.ActiveCfg = Debug|Any CPU
		{777E04C6-4117-4ECE-987C-77D7AE4BC8A3}.Debug|x64.Build.0 = Debug|Any CPU
		{777E04C6-4117-4ECE-987C-77D7AE4BC8A3}.Debug|x86.ActiveCfg = Debug|Any CPU
		{777E04C6-4117-4ECE-987C-77D7AE4BC8A3}.Debug|x86.Build.0 = Debug|Any CPU
		{777E04C6-4117-4ECE-987C-77D7AE4BC8A3}.Release|Any CPU.ActiveCfg = Release|Any CPU
		{777E04C6-4117-4ECE-987C-77D7AE4BC8A3}.Release|Any CPU.Build.0 = Release|Any CPU
		{777E04C6-4117-4ECE-987C-77D7AE4BC8A3}.Release|x64.ActiveCfg = Release|Any CPU
		{777E04C6-4117-4ECE-987C-77D7AE4BC8A3}.Release|x64.Build.0 = Release|Any CPU
		{777E04C6-4117-4ECE-987C-77D7AE4BC8A3}.Release|x86.ActiveCfg = Release|Any CPU
		{777E04C6-4117-4ECE-987C-77D7AE4BC8A3}.Release|x86.Build.0 = Release|Any CPU
		{3D07D0D2-4122-479D-9696-1C478D5EEFFC}.Debug|Any CPU.ActiveCfg = Debug|Any CPU
		{3D07D0D2-4122-479D-9696-1C478D5EEFFC}.Debug|Any CPU.Build.0 = Debug|Any CPU
		{3D07D0D2-4122-479D-9696-1C478D5EEFFC}.Debug|x64.ActiveCfg = Debug|Any CPU
		{3D07D0D2-4122-479D-9696-1C478D5EEFFC}.Debug|x64.Build.0 = Debug|Any CPU
		{3D07D0D2-4122-479D-9696-1C478D5EEFFC}.Debug|x86.ActiveCfg = Debug|Any CPU
		{3D07D0D2-4122-479D-9696-1C478D5EEFFC}.Debug|x86.Build.0 = Debug|Any CPU
		{3D07D0D2-4122-479D-9696-1C478D5EEFFC}.Release|Any CPU.ActiveCfg = Release|Any CPU
		{3D07D0D2-4122-479D-9696-1C478D5EEFFC}.Release|Any CPU.Build.0 = Release|Any CPU
		{3D07D0D2-4122-479D-9696-1C478D5EEFFC}.Release|x64.ActiveCfg = Release|Any CPU
		{3D07D0D2-4122-479D-9696-1C478D5EEFFC}.Release|x64.Build.0 = Release|Any CPU
		{3D07D0D2-4122-479D-9696-1C478D5EEFFC}.Release|x86.ActiveCfg = Release|Any CPU
		{3D07D0D2-4122-479D-9696-1C478D5EEFFC}.Release|x86.Build.0 = Release|Any CPU
		{3678F83C-138C-47EC-B81A-8DCFACCFA328}.Debug|Any CPU.ActiveCfg = Debug|Any CPU
		{3678F83C-138C-47EC-B81A-8DCFACCFA328}.Debug|Any CPU.Build.0 = Debug|Any CPU
		{3678F83C-138C-47EC-B81A-8DCFACCFA328}.Debug|x64.ActiveCfg = Debug|Any CPU
		{3678F83C-138C-47EC-B81A-8DCFACCFA328}.Debug|x64.Build.0 = Debug|Any CPU
		{3678F83C-138C-47EC-B81A-8DCFACCFA328}.Debug|x86.ActiveCfg = Debug|Any CPU
		{3678F83C-138C-47EC-B81A-8DCFACCFA328}.Debug|x86.Build.0 = Debug|Any CPU
		{3678F83C-138C-47EC-B81A-8DCFACCFA328}.Release|Any CPU.ActiveCfg = Release|Any CPU
		{3678F83C-138C-47EC-B81A-8DCFACCFA328}.Release|Any CPU.Build.0 = Release|Any CPU
		{3678F83C-138C-47EC-B81A-8DCFACCFA328}.Release|x64.ActiveCfg = Release|Any CPU
		{3678F83C-138C-47EC-B81A-8DCFACCFA328}.Release|x64.Build.0 = Release|Any CPU
		{3678F83C-138C-47EC-B81A-8DCFACCFA328}.Release|x86.ActiveCfg = Release|Any CPU
		{3678F83C-138C-47EC-B81A-8DCFACCFA328}.Release|x86.Build.0 = Release|Any CPU
		{1C42C304-95C8-4213-8836-B7EBA95499B4}.Debug|Any CPU.ActiveCfg = Debug|Any CPU
		{1C42C304-95C8-4213-8836-B7EBA95499B4}.Debug|Any CPU.Build.0 = Debug|Any CPU
		{1C42C304-95C8-4213-8836-B7EBA95499B4}.Debug|x64.ActiveCfg = Debug|Any CPU
		{1C42C304-95C8-4213-8836-B7EBA95499B4}.Debug|x64.Build.0 = Debug|Any CPU
		{1C42C304-95C8-4213-8836-B7EBA95499B4}.Debug|x86.ActiveCfg = Debug|Any CPU
		{1C42C304-95C8-4213-8836-B7EBA95499B4}.Debug|x86.Build.0 = Debug|Any CPU
		{1C42C304-95C8-4213-8836-B7EBA95499B4}.Release|Any CPU.ActiveCfg = Release|Any CPU
		{1C42C304-95C8-4213-8836-B7EBA95499B4}.Release|Any CPU.Build.0 = Release|Any CPU
		{1C42C304-95C8-4213-8836-B7EBA95499B4}.Release|x64.ActiveCfg = Release|Any CPU
		{1C42C304-95C8-4213-8836-B7EBA95499B4}.Release|x64.Build.0 = Release|Any CPU
		{1C42C304-95C8-4213-8836-B7EBA95499B4}.Release|x86.ActiveCfg = Release|Any CPU
		{1C42C304-95C8-4213-8836-B7EBA95499B4}.Release|x86.Build.0 = Release|Any CPU
		{6BFC1A68-4FF6-4F55-892E-556158056904}.Debug|Any CPU.ActiveCfg = Debug|Any CPU
		{6BFC1A68-4FF6-4F55-892E-556158056904}.Debug|Any CPU.Build.0 = Debug|Any CPU
		{6BFC1A68-4FF6-4F55-892E-556158056904}.Debug|x64.ActiveCfg = Debug|Any CPU
		{6BFC1A68-4FF6-4F55-892E-556158056904}.Debug|x64.Build.0 = Debug|Any CPU
		{6BFC1A68-4FF6-4F55-892E-556158056904}.Debug|x86.ActiveCfg = Debug|Any CPU
		{6BFC1A68-4FF6-4F55-892E-556158056904}.Debug|x86.Build.0 = Debug|Any CPU
		{6BFC1A68-4FF6-4F55-892E-556158056904}.Release|Any CPU.ActiveCfg = Release|Any CPU
		{6BFC1A68-4FF6-4F55-892E-556158056904}.Release|Any CPU.Build.0 = Release|Any CPU
		{6BFC1A68-4FF6-4F55-892E-556158056904}.Release|x64.ActiveCfg = Release|Any CPU
		{6BFC1A68-4FF6-4F55-892E-556158056904}.Release|x64.Build.0 = Release|Any CPU
		{6BFC1A68-4FF6-4F55-892E-556158056904}.Release|x86.ActiveCfg = Release|Any CPU
		{6BFC1A68-4FF6-4F55-892E-556158056904}.Release|x86.Build.0 = Release|Any CPU
	EndGlobalSection
	GlobalSection(SolutionProperties) = preSolution
		HideSolutionNode = FALSE
	EndGlobalSection
	GlobalSection(NestedProjects) = preSolution
		{DE59FDAD-5E81-43BD-83FD-8D484FA3BD9B} = {827E0CD3-B72D-47B6-A68D-7590B98EB39B}
		{6CACF4EA-1BD2-4CE1-9E9B-A82EE6A11B2A} = {827E0CD3-B72D-47B6-A68D-7590B98EB39B}
		{B1C2D3E4-F5A6-7890-BCDE-F01234567890} = {827E0CD3-B72D-47B6-A68D-7590B98EB39B}
		{C3D4E5F6-A7B8-9012-CDEF-012345678901} = {827E0CD3-B72D-47B6-A68D-7590B98EB39B}
		{E5F6A7B8-C9D0-1234-EF01-234567890123} = {827E0CD3-B72D-47B6-A68D-7590B98EB39B}
		{D4E5F6A7-B8C9-0123-DEF0-123456789012} = {827E0CD3-B72D-47B6-A68D-7590B98EB39B}
		{F6A7B8C9-D0E1-2345-F012-345678901234} = {827E0CD3-B72D-47B6-A68D-7590B98EB39B}
		{A7B8C9D0-E1F2-3456-0123-456789012345} = {827E0CD3-B72D-47B6-A68D-7590B98EB39B}
		{F1A2B3C4-D5E6-7890-ABCD-EF0123456789} = {5D20AA90-6969-D8BD-9DCD-8634F4692FDA}
		{B2C3D4E5-F6A7-8901-BCDE-F012345678AB} = {0AB3BF05-4346-4AA6-1389-037BE0695223}
		{C3D4E5F6-A7B8-9012-CDEF-012345678ABC} = {0AB3BF05-4346-4AA6-1389-037BE0695223}
		{4934C894-A200-4103-85E9-C072B5B2433A} = {827E0CD3-B72D-47B6-A68D-7590B98EB39B}
		{F4ECF1F4-BC5E-4734-B1EA-925D3244B1C8} = {5D20AA90-6969-D8BD-9DCD-8634F4692FDA}
		{26013A6A-5A9B-49AD-A18B-9FCDA41CBB3E} = {0AB3BF05-4346-4AA6-1389-037BE0695223}
		{A1B2C3D4-E5F6-7890-ABCD-EF1234567890} = {5D20AA90-6969-D8BD-9DCD-8634F4692FDA}
		{D5E6F7A8-B9C0-1234-EFAB-C012345678DE} = {0AB3BF05-4346-4AA6-1389-037BE0695223}
		{E6F7A8B9-C0D1-2345-F012-3456789ABCDE} = {0AB3BF05-4346-4AA6-1389-037BE0695223}
		{F7A8B9C0-D1E2-3456-0123-456789ABCDEF} = {0AB3BF05-4346-4AA6-1389-037BE0695223}
		{777E04C6-4117-4ECE-987C-77D7AE4BC8A3} = {5D20AA90-6969-D8BD-9DCD-8634F4692FDA}
		{3D07D0D2-4122-479D-9696-1C478D5EEFFC} = {0AB3BF05-4346-4AA6-1389-037BE0695223}
		{3678F83C-138C-47EC-B81A-8DCFACCFA328} = {0AB3BF05-4346-4AA6-1389-037BE0695223}
		{1C42C304-95C8-4213-8836-B7EBA95499B4} = {5D20AA90-6969-D8BD-9DCD-8634F4692FDA}
		{4C8D2BBC-E656-5E52-EEE5-79E84987CC7A} = {0AB3BF05-4346-4AA6-1389-037BE0695223}
		{6BFC1A68-4FF6-4F55-892E-556158056904} = {4C8D2BBC-E656-5E52-EEE5-79E84987CC7A}
	EndGlobalSection
EndGlobal
