
Microsoft Visual Studio Solution File, Format Version 12.00
# Visual Studio Version 17
VisualStudioVersion = 17.0.31903.59
MinimumVisualStudioVersion = 10.0.40219.1
Project("{2150E333-8FDC-42A3-9474-1A3956D46DE8}") = "src", "src", "{827E0CD3-B72D-47B6-A68D-7590B98EB39B}"
EndProject
Project("{FAE04EC0-301F-11D3-BF4B-00C04F79EFBC}") = "AzureFunctions.TestFramework.Core", "src\AzureFunctions.TestFramework.Core\AzureFunctions.TestFramework.Core.csproj", "{DE59FDAD-5E81-43BD-83FD-8D484FA3BD9B}"
EndProject
Project("{FAE04EC0-301F-11D3-BF4B-00C04F79EFBC}") = "AzureFunctions.TestFramework.Http", "src\AzureFunctions.TestFramework.Http\AzureFunctions.TestFramework.Http.csproj", "{6CACF4EA-1BD2-4CE1-9E9B-A82EE6A11B2A}"
EndProject
Project("{FAE04EC0-301F-11D3-BF4B-00C04F79EFBC}") = "AzureFunctions.TestFramework.AspNetCore", "src\AzureFunctions.TestFramework.AspNetCore\AzureFunctions.TestFramework.AspNetCore.csproj", "{B1C2D3E4-F5A6-7890-BCDE-F01234567890}"
EndProject
Project("{2150E333-8FDC-42A3-9474-1A3956D46DE8}") = "samples", "samples", "{5D20AA90-6969-D8BD-9DCD-8634F4692FDA}"
EndProject
Project("{FAE04EC0-301F-11D3-BF4B-00C04F79EFBC}") = "Sample.FunctionApp", "samples\Sample.FunctionApp\Sample.FunctionApp.csproj", "{876834B2-EBC7-497B-AC3C-3494B3F01582}"
EndProject
Project("{2150E333-8FDC-42A3-9474-1A3956D46DE8}") = "tests", "tests", "{0AB3BF05-4346-4AA6-1389-037BE0695223}"
EndProject
Project("{FAE04EC0-301F-11D3-BF4B-00C04F79EFBC}") = "Sample.FunctionApp.Tests", "tests\Sample.FunctionApp.Tests\Sample.FunctionApp.Tests.csproj", "{CE50FD82-5A22-4354-B63F-C18D695F1275}"
EndProject
Global
	GlobalSection(SolutionConfigurationPlatforms) = preSolution
		Debug|Any CPU = Debug|Any CPU
		Debug|x64 = Debug|x64
		Debug|x86 = Debug|x86
		Release|Any CPU = Release|Any CPU
		Release|x64 = Release|x64
		Release|x86 = Release|x86
	EndGlobalSection
	GlobalSection(ProjectConfigurationPlatforms) = postSolution
		{DE59FDAD-5E81-43BD-83FD-8D484FA3BD9B}.Debug|Any CPU.ActiveCfg = Debug|Any CPU
		{DE59FDAD-5E81-43BD-83FD-8D484FA3BD9B}.Debug|Any CPU.Build.0 = Debug|Any CPU
		{DE59FDAD-5E81-43BD-83FD-8D484FA3BD9B}.Debug|x64.ActiveCfg = Debug|Any CPU
		{DE59FDAD-5E81-43BD-83FD-8D484FA3BD9B}.Debug|x64.Build.0 = Debug|Any CPU
		{DE59FDAD-5E81-43BD-83FD-8D484FA3BD9B}.Debug|x86.ActiveCfg = Debug|Any CPU
		{DE59FDAD-5E81-43BD-83FD-8D484FA3BD9B}.Debug|x86.Build.0 = Debug|Any CPU
		{DE59FDAD-5E81-43BD-83FD-8D484FA3BD9B}.Release|Any CPU.ActiveCfg = Release|Any CPU
		{DE59FDAD-5E81-43BD-83FD-8D484FA3BD9B}.Release|Any CPU.Build.0 = Release|Any CPU
		{DE59FDAD-5E81-43BD-83FD-8D484FA3BD9B}.Release|x64.ActiveCfg = Release|Any CPU
		{DE59FDAD-5E81-43BD-83FD-8D484FA3BD9B}.Release|x64.Build.0 = Release|Any CPU
		{DE59FDAD-5E81-43BD-83FD-8D484FA3BD9B}.Release|x86.ActiveCfg = Release|Any CPU
		{DE59FDAD-5E81-43BD-83FD-8D484FA3BD9B}.Release|x86.Build.0 = Release|Any CPU
		{6CACF4EA-1BD2-4CE1-9E9B-A82EE6A11B2A}.Debug|Any CPU.ActiveCfg = Debug|Any CPU
		{6CACF4EA-1BD2-4CE1-9E9B-A82EE6A11B2A}.Debug|Any CPU.Build.0 = Debug|Any CPU
		{6CACF4EA-1BD2-4CE1-9E9B-A82EE6A11B2A}.Debug|x64.ActiveCfg = Debug|Any CPU
		{6CACF4EA-1BD2-4CE1-9E9B-A82EE6A11B2A}.Debug|x64.Build.0 = Debug|Any CPU
		{6CACF4EA-1BD2-4CE1-9E9B-A82EE6A11B2A}.Debug|x86.ActiveCfg = Debug|Any CPU
		{6CACF4EA-1BD2-4CE1-9E9B-A82EE6A11B2A}.Debug|x86.Build.0 = Debug|Any CPU
		{6CACF4EA-1BD2-4CE1-9E9B-A82EE6A11B2A}.Release|Any CPU.ActiveCfg = Release|Any CPU
		{6CACF4EA-1BD2-4CE1-9E9B-A82EE6A11B2A}.Release|Any CPU.Build.0 = Release|Any CPU
		{6CACF4EA-1BD2-4CE1-9E9B-A82EE6A11B2A}.Release|x64.ActiveCfg = Release|Any CPU
		{6CACF4EA-1BD2-4CE1-9E9B-A82EE6A11B2A}.Release|x64.Build.0 = Release|Any CPU
		{6CACF4EA-1BD2-4CE1-9E9B-A82EE6A11B2A}.Release|x86.ActiveCfg = Release|Any CPU
		{6CACF4EA-1BD2-4CE1-9E9B-A82EE6A11B2A}.Release|x86.Build.0 = Release|Any CPU
		{B1C2D3E4-F5A6-7890-BCDE-F01234567890}.Debug|Any CPU.ActiveCfg = Debug|Any CPU
		{B1C2D3E4-F5A6-7890-BCDE-F01234567890}.Debug|Any CPU.Build.0 = Debug|Any CPU
		{B1C2D3E4-F5A6-7890-BCDE-F01234567890}.Debug|x64.ActiveCfg = Debug|Any CPU
		{B1C2D3E4-F5A6-7890-BCDE-F01234567890}.Debug|x64.Build.0 = Debug|Any CPU
		{B1C2D3E4-F5A6-7890-BCDE-F01234567890}.Debug|x86.ActiveCfg = Debug|Any CPU
		{B1C2D3E4-F5A6-7890-BCDE-F01234567890}.Debug|x86.Build.0 = Debug|Any CPU
		{B1C2D3E4-F5A6-7890-BCDE-F01234567890}.Release|Any CPU.ActiveCfg = Release|Any CPU
		{B1C2D3E4-F5A6-7890-BCDE-F01234567890}.Release|Any CPU.Build.0 = Release|Any CPU
		{B1C2D3E4-F5A6-7890-BCDE-F01234567890}.Release|x64.ActiveCfg = Release|Any CPU
		{B1C2D3E4-F5A6-7890-BCDE-F01234567890}.Release|x64.Build.0 = Release|Any CPU
		{B1C2D3E4-F5A6-7890-BCDE-F01234567890}.Release|x86.ActiveCfg = Release|Any CPU
		{B1C2D3E4-F5A6-7890-BCDE-F01234567890}.Release|x86.Build.0 = Release|Any CPU
		{876834B2-EBC7-497B-AC3C-3494B3F01582}.Debug|Any CPU.ActiveCfg = Debug|Any CPU
		{876834B2-EBC7-497B-AC3C-3494B3F01582}.Debug|Any CPU.Build.0 = Debug|Any CPU
		{876834B2-EBC7-497B-AC3C-3494B3F01582}.Debug|x64.ActiveCfg = Debug|Any CPU
		{876834B2-EBC7-497B-AC3C-3494B3F01582}.Debug|x64.Build.0 = Debug|Any CPU
		{876834B2-EBC7-497B-AC3C-3494B3F01582}.Debug|x86.ActiveCfg = Debug|Any CPU
		{876834B2-EBC7-497B-AC3C-3494B3F01582}.Debug|x86.Build.0 = Debug|Any CPU
		{876834B2-EBC7-497B-AC3C-3494B3F01582}.Release|Any CPU.ActiveCfg = Release|Any CPU
		{876834B2-EBC7-497B-AC3C-3494B3F01582}.Release|Any CPU.Build.0 = Release|Any CPU
		{876834B2-EBC7-497B-AC3C-3494B3F01582}.Release|x64.ActiveCfg = Release|Any CPU
		{876834B2-EBC7-497B-AC3C-3494B3F01582}.Release|x64.Build.0 = Release|Any CPU
		{876834B2-EBC7-497B-AC3C-3494B3F01582}.Release|x86.ActiveCfg = Release|Any CPU
		{876834B2-EBC7-497B-AC3C-3494B3F01582}.Release|x86.Build.0 = Release|Any CPU
		{CE50FD82-5A22-4354-B63F-C18D695F1275}.Debug|Any CPU.ActiveCfg = Debug|Any CPU
		{CE50FD82-5A22-4354-B63F-C18D695F1275}.Debug|Any CPU.Build.0 = Debug|Any CPU
		{CE50FD82-5A22-4354-B63F-C18D695F1275}.Debug|x64.ActiveCfg = Debug|Any CPU
		{CE50FD82-5A22-4354-B63F-C18D695F1275}.Debug|x64.Build.0 = Debug|Any CPU
		{CE50FD82-5A22-4354-B63F-C18D695F1275}.Debug|x86.ActiveCfg = Debug|Any CPU
		{CE50FD82-5A22-4354-B63F-C18D695F1275}.Debug|x86.Build.0 = Debug|Any CPU
		{CE50FD82-5A22-4354-B63F-C18D695F1275}.Release|Any CPU.ActiveCfg = Release|Any CPU
		{CE50FD82-5A22-4354-B63F-C18D695F1275}.Release|Any CPU.Build.0 = Release|Any CPU
		{CE50FD82-5A22-4354-B63F-C18D695F1275}.Release|x64.ActiveCfg = Release|Any CPU
		{CE50FD82-5A22-4354-B63F-C18D695F1275}.Release|x64.Build.0 = Release|Any CPU
		{CE50FD82-5A22-4354-B63F-C18D695F1275}.Release|x86.ActiveCfg = Release|Any CPU
		{CE50FD82-5A22-4354-B63F-C18D695F1275}.Release|x86.Build.0 = Release|Any CPU
	EndGlobalSection
	GlobalSection(SolutionProperties) = preSolution
		HideSolutionNode = FALSE
	EndGlobalSection
	GlobalSection(NestedProjects) = preSolution
		{DE59FDAD-5E81-43BD-83FD-8D484FA3BD9B} = {827E0CD3-B72D-47B6-A68D-7590B98EB39B}
		{6CACF4EA-1BD2-4CE1-9E9B-A82EE6A11B2A} = {827E0CD3-B72D-47B6-A68D-7590B98EB39B}
		{B1C2D3E4-F5A6-7890-BCDE-F01234567890} = {827E0CD3-B72D-47B6-A68D-7590B98EB39B}
		{876834B2-EBC7-497B-AC3C-3494B3F01582} = {5D20AA90-6969-D8BD-9DCD-8634F4692FDA}
		{CE50FD82-5A22-4354-B63F-C18D695F1275} = {0AB3BF05-4346-4AA6-1389-037BE0695223}
	EndGlobalSection
EndGlobal
